// !$*UTF8*$!
{
	archiveVersion = 1;
	classes = {
	};
	objectVersion = 50;
	objects = {

/* Begin PBXBuildFile section */
		162DF55B2160BB0500E1C6BB /* AppDelegate.swift in Sources */ = {isa = PBXBuildFile; fileRef = 162DF55A2160BB0500E1C6BB /* AppDelegate.swift */; };
		162DF55D2160BB0500E1C6BB /* ViewController.swift in Sources */ = {isa = PBXBuildFile; fileRef = 162DF55C2160BB0500E1C6BB /* ViewController.swift */; };
		162DF5602160BB0500E1C6BB /* Main.storyboard in Resources */ = {isa = PBXBuildFile; fileRef = 162DF55E2160BB0500E1C6BB /* Main.storyboard */; };
		162DF5632160BB0500E1C6BB /* Tut_TagListView.xcdatamodeld in Sources */ = {isa = PBXBuildFile; fileRef = 162DF5612160BB0500E1C6BB /* Tut_TagListView.xcdatamodeld */; };
		162DF5652160BB0600E1C6BB /* Assets.xcassets in Resources */ = {isa = PBXBuildFile; fileRef = 162DF5642160BB0600E1C6BB /* Assets.xcassets */; };
		162DF5682160BB0600E1C6BB /* LaunchScreen.storyboard in Resources */ = {isa = PBXBuildFile; fileRef = 162DF5662160BB0600E1C6BB /* LaunchScreen.storyboard */; };
		6906D21268E275C49A354201 /* Pods_Tut_TagListView.framework in Frameworks */ = {isa = PBXBuildFile; fileRef = E70714D438132CDA2F8934FB /* Pods_Tut_TagListView.framework */; };
/* End PBXBuildFile section */

/* Begin PBXFileReference section */
		162DF5572160BB0500E1C6BB /* Tut_TagListView.app */ = {isa = PBXFileReference; explicitFileType = wrapper.application; includeInIndex = 0; path = Tut_TagListView.app; sourceTree = BUILT_PRODUCTS_DIR; };
		162DF55A2160BB0500E1C6BB /* AppDelegate.swift */ = {isa = PBXFileReference; lastKnownFileType = sourcecode.swift; path = AppDelegate.swift; sourceTree = "<group>"; };
		162DF55C2160BB0500E1C6BB /* ViewController.swift */ = {isa = PBXFileReference; lastKnownFileType = sourcecode.swift; path = ViewController.swift; sourceTree = "<group>"; };
		162DF55F2160BB0500E1C6BB /* Base */ = {isa = PBXFileReference; lastKnownFileType = file.storyboard; name = Base; path = Base.lproj/Main.storyboard; sourceTree = "<group>"; };
		162DF5622160BB0500E1C6BB /* Tut_TagListView.xcdatamodel */ = {isa = PBXFileReference; lastKnownFileType = wrapper.xcdatamodel; path = Tut_TagListView.xcdatamodel; sourceTree = "<group>"; };
		162DF5642160BB0600E1C6BB /* Assets.xcassets */ = {isa = PBXFileReference; lastKnownFileType = folder.assetcatalog; path = Assets.xcassets; sourceTree = "<group>"; };
		162DF5672160BB0600E1C6BB /* Base */ = {isa = PBXFileReference; lastKnownFileType = file.storyboard; name = Base; path = Base.lproj/LaunchScreen.storyboard; sourceTree = "<group>"; };
		162DF5692160BB0600E1C6BB /* Info.plist */ = {isa = PBXFileReference; lastKnownFileType = text.plist.xml; path = Info.plist; sourceTree = "<group>"; };
		73426D891DA2C1A6AFA31B70 /* Pods-Tut_TagListView.debug.xcconfig */ = {isa = PBXFileReference; includeInIndex = 1; lastKnownFileType = text.xcconfig; name = "Pods-Tut_TagListView.debug.xcconfig"; path = "Pods/Target Support Files/Pods-Tut_TagListView/Pods-Tut_TagListView.debug.xcconfig"; sourceTree = "<group>"; };
		E70714D438132CDA2F8934FB /* Pods_Tut_TagListView.framework */ = {isa = PBXFileReference; explicitFileType = wrapper.framework; includeInIndex = 0; path = Pods_Tut_TagListView.framework; sourceTree = BUILT_PRODUCTS_DIR; };
		FE59B9E9C37627E0DD289AFC /* Pods-Tut_TagListView.release.xcconfig */ = {isa = PBXFileReference; includeInIndex = 1; lastKnownFileType = text.xcconfig; name = "Pods-Tut_TagListView.release.xcconfig"; path = "Pods/Target Support Files/Pods-Tut_TagListView/Pods-Tut_TagListView.release.xcconfig"; sourceTree = "<group>"; };
/* End PBXFileReference section */

/* Begin PBXFrameworksBuildPhase section */
		162DF5542160BB0500E1C6BB /* Frameworks */ = {
			isa = PBXFrameworksBuildPhase;
			buildActionMask = 2147483647;
			files = (
				6906D21268E275C49A354201 /* Pods_Tut_TagListView.framework in Frameworks */,
			);
			runOnlyForDeploymentPostprocessing = 0;
		};
/* End PBXFrameworksBuildPhase section */

/* Begin PBXGroup section */
		09FB5F0B8F7CF9995F4D94D1 /* Frameworks */ = {
			isa = PBXGroup;
			children = (
				E70714D438132CDA2F8934FB /* Pods_Tut_TagListView.framework */,
			);
			name = Frameworks;
			sourceTree = "<group>";
		};
		162DF54E2160BB0500E1C6BB = {
			isa = PBXGroup;
			children = (
				162DF5592160BB0500E1C6BB /* Tut_TagListView */,
				162DF5582160BB0500E1C6BB /* Products */,
				CD34504FCADEE9C6DE7A2F64 /* Pods */,
				09FB5F0B8F7CF9995F4D94D1 /* Frameworks */,
			);
			sourceTree = "<group>";
		};
		162DF5582160BB0500E1C6BB /* Products */ = {
			isa = PBXGroup;
			children = (
				162DF5572160BB0500E1C6BB /* Tut_TagListView.app */,
			);
			name = Products;
			sourceTree = "<group>";
		};
		162DF5592160BB0500E1C6BB /* Tut_TagListView */ = {
			isa = PBXGroup;
			children = (
				162DF55A2160BB0500E1C6BB /* AppDelegate.swift */,
				162DF55C2160BB0500E1C6BB /* ViewController.swift */,
				162DF55E2160BB0500E1C6BB /* Main.storyboard */,
				162DF5642160BB0600E1C6BB /* Assets.xcassets */,
				162DF5662160BB0600E1C6BB /* LaunchScreen.storyboard */,
				162DF5692160BB0600E1C6BB /* Info.plist */,
				162DF5612160BB0500E1C6BB /* Tut_TagListView.xcdatamodeld */,
			);
			path = Tut_TagListView;
			sourceTree = "<group>";
		};
		CD34504FCADEE9C6DE7A2F64 /* Pods */ = {
			isa = PBXGroup;
			children = (
				73426D891DA2C1A6AFA31B70 /* Pods-Tut_TagListView.debug.xcconfig */,
				FE59B9E9C37627E0DD289AFC /* Pods-Tut_TagListView.release.xcconfig */,
			);
			name = Pods;
			sourceTree = "<group>";
		};
/* End PBXGroup section */

/* Begin PBXNativeTarget section */
		162DF5562160BB0500E1C6BB /* Tut_TagListView */ = {
			isa = PBXNativeTarget;
			buildConfigurationList = 162DF56C2160BB0600E1C6BB /* Build configuration list for PBXNativeTarget "Tut_TagListView" */;
			buildPhases = (
				63700544242BD1846F0B9BE6 /* [CP] Check Pods Manifest.lock */,
				162DF5532160BB0500E1C6BB /* Sources */,
				162DF5542160BB0500E1C6BB /* Frameworks */,
				162DF5552160BB0500E1C6BB /* Resources */,
				53678E74279AFD894A604715 /* [CP] Embed Pods Frameworks */,
			);
			buildRules = (
			);
			dependencies = (
			);
			name = Tut_TagListView;
			productName = Tut_TagListView;
			productReference = 162DF5572160BB0500E1C6BB /* Tut_TagListView.app */;
			productType = "com.apple.product-type.application";
		};
/* End PBXNativeTarget section */

/* Begin PBXProject section */
		162DF54F2160BB0500E1C6BB /* Project object */ = {
			isa = PBXProject;
			attributes = {
				LastSwiftUpdateCheck = 0940;
				LastUpgradeCheck = 0940;
				ORGANIZATIONNAME = "Eray Alparslan";
				TargetAttributes = {
					162DF5562160BB0500E1C6BB = {
						CreatedOnToolsVersion = 9.4.1;
					};
				};
			};
			buildConfigurationList = 162DF5522160BB0500E1C6BB /* Build configuration list for PBXProject "Tut_TagListView" */;
			compatibilityVersion = "Xcode 9.3";
			developmentRegion = en;
			hasScannedForEncodings = 0;
			knownRegions = (
				en,
				Base,
			);
			mainGroup = 162DF54E2160BB0500E1C6BB;
			productRefGroup = 162DF5582160BB0500E1C6BB /* Products */;
			projectDirPath = "";
			projectRoot = "";
			targets = (
				162DF5562160BB0500E1C6BB /* Tut_TagListView */,
			);
		};
/* End PBXProject section */

/* Begin PBXResourcesBuildPhase section */
		162DF5552160BB0500E1C6BB /* Resources */ = {
			isa = PBXResourcesBuildPhase;
			buildActionMask = 2147483647;
			files = (
				162DF5682160BB0600E1C6BB /* LaunchScreen.storyboard in Resources */,
				162DF5652160BB0600E1C6BB /* Assets.xcassets in Resources */,
				162DF5602160BB0500E1C6BB /* Main.storyboard in Resources */,
			);
			runOnlyForDeploymentPostprocessing = 0;
		};
/* End PBXResourcesBuildPhase section */

/* Begin PBXShellScriptBuildPhase section */
		53678E74279AFD894A604715 /* [CP] Embed Pods Frameworks */ = {
			isa = PBXShellScriptBuildPhase;
			buildActionMask = 2147483647;
			files = (
			);
			inputFileListPaths = (
			);
			inputPaths = (
				"${SRCROOT}/Pods/Target Support Files/Pods-Tut_TagListView/Pods-Tut_TagListView-frameworks.sh",
				"${BUILT_PRODUCTS_DIR}/TagListView/TagListView.framework",
			);
			name = "[CP] Embed Pods Frameworks";
			outputFileListPaths = (
			);
			outputPaths = (
				"${TARGET_BUILD_DIR}/${FRAMEWORKS_FOLDER_PATH}/TagListView.framework",
			);
			runOnlyForDeploymentPostprocessing = 0;
			shellPath = /bin/sh;
			shellScript = "\"${SRCROOT}/Pods/Target Support Files/Pods-Tut_TagListView/Pods-Tut_TagListView-frameworks.sh\"\n";
			showEnvVarsInLog = 0;
		};
		63700544242BD1846F0B9BE6 /* [CP] Check Pods Manifest.lock */ = {
			isa = PBXShellScriptBuildPhase;
			buildActionMask = 2147483647;
			files = (
			);
			inputFileListPaths = (
			);
			inputPaths = (
				"${PODS_PODFILE_DIR_PATH}/Podfile.lock",
				"${PODS_ROOT}/Manifest.lock",
			);
			name = "[CP] Check Pods Manifest.lock";
			outputFileListPaths = (
			);
			outputPaths = (
				"$(DERIVED_FILE_DIR)/Pods-Tut_TagListView-checkManifestLockResult.txt",
			);
			runOnlyForDeploymentPostprocessing = 0;
			shellPath = /bin/sh;
			shellScript = "diff \"${PODS_PODFILE_DIR_PATH}/Podfile.lock\" \"${PODS_ROOT}/Manifest.lock\" > /dev/null\nif [ $? != 0 ] ; then\n    # print error to STDERR\n    echo \"error: The sandbox is not in sync with the Podfile.lock. Run 'pod install' or update your CocoaPods installation.\" >&2\n    exit 1\nfi\n# This output is used by Xcode 'outputs' to avoid re-running this script phase.\necho \"SUCCESS\" > \"${SCRIPT_OUTPUT_FILE_0}\"\n";
			showEnvVarsInLog = 0;
		};
/* End PBXShellScriptBuildPhase section */

/* Begin PBXSourcesBuildPhase section */
		162DF5532160BB0500E1C6BB /* Sources */ = {
			isa = PBXSourcesBuildPhase;
			buildActionMask = 2147483647;
			files = (
				162DF55D2160BB0500E1C6BB /* ViewController.swift in Sources */,
				162DF5632160BB0500E1C6BB /* Tut_TagListView.xcdatamodeld in Sources */,
				162DF55B2160BB0500E1C6BB /* AppDelegate.swift in Sources */,
			);
			runOnlyForDeploymentPostprocessing = 0;
		};
/* End PBXSourcesBuildPhase section */

/* Begin PBXVariantGroup section */
		162DF55E2160BB0500E1C6BB /* Main.storyboard */ = {
			isa = PBXVariantGroup;
			children = (
				162DF55F2160BB0500E1C6BB /* Base */,
			);
			name = Main.storyboard;
			sourceTree = "<group>";
		};
		162DF5662160BB0600E1C6BB /* LaunchScreen.storyboard */ = {
			isa = PBXVariantGroup;
			children = (
				162DF5672160BB0600E1C6BB /* Base */,
			);
			name = LaunchScreen.storyboard;
			sourceTree = "<group>";
		};
/* End PBXVariantGroup section */

/* Begin XCBuildConfiguration section */
		162DF56A2160BB0600E1C6BB /* Debug */ = {
			isa = XCBuildConfiguration;
			buildSettings = {
				ALWAYS_SEARCH_USER_PATHS = NO;
				CLANG_ANALYZER_NONNULL = YES;
				CLANG_ANALYZER_NUMBER_OBJECT_CONVERSION = YES_AGGRESSIVE;
				CLANG_CXX_LANGUAGE_STANDARD = "gnu++14";
				CLANG_CXX_LIBRARY = "libc++";
				CLANG_ENABLE_MODULES = YES;
				CLANG_ENABLE_OBJC_ARC = YES;
				CLANG_ENABLE_OBJC_WEAK = YES;
				CLANG_WARN_BLOCK_CAPTURE_AUTORELEASING = YES;
				CLANG_WARN_BOOL_CONVERSION = YES;
				CLANG_WARN_COMMA = YES;
				CLANG_WARN_CONSTANT_CONVERSION = YES;
				CLANG_WARN_DEPRECATED_OBJC_IMPLEMENTATIONS = YES;
				CLANG_WARN_DIRECT_OBJC_ISA_USAGE = YES_ERROR;
				CLANG_WARN_DOCUMENTATION_COMMENTS = YES;
				CLANG_WARN_EMPTY_BODY = YES;
				CLANG_WARN_ENUM_CONVERSION = YES;
				CLANG_WARN_INFINITE_RECURSION = YES;
				CLANG_WARN_INT_CONVERSION = YES;
				CLANG_WARN_NON_LITERAL_NULL_CONVERSION = YES;
				CLANG_WARN_OBJC_IMPLICIT_RETAIN_SELF = YES;
				CLANG_WARN_OBJC_LITERAL_CONVERSION = YES;
				CLANG_WARN_OBJC_ROOT_CLASS = YES_ERROR;
				CLANG_WARN_RANGE_LOOP_ANALYSIS = YES;
				CLANG_WARN_STRICT_PROTOTYPES = YES;
				CLANG_WARN_SUSPICIOUS_MOVE = YES;
				CLANG_WARN_UNGUARDED_AVAILABILITY = YES_AGGRESSIVE;
				CLANG_WARN_UNREACHABLE_CODE = YES;
				CLANG_WARN__DUPLICATE_METHOD_MATCH = YES;
				CODE_SIGN_IDENTITY = "iPhone Developer";
				COPY_PHASE_STRIP = NO;
				DEBUG_INFORMATION_FORMAT = dwarf;
				ENABLE_STRICT_OBJC_MSGSEND = YES;
				ENABLE_TESTABILITY = YES;
				GCC_C_LANGUAGE_STANDARD = gnu11;
				GCC_DYNAMIC_NO_PIC = NO;
				GCC_NO_COMMON_BLOCKS = YES;
				GCC_OPTIMIZATION_LEVEL = 0;
				GCC_PREPROCESSOR_DEFINITIONS = (
					"DEBUG=1",
					"$(inherited)",
				);
				GCC_WARN_64_TO_32_BIT_CONVERSION = YES;
				GCC_WARN_ABOUT_RETURN_TYPE = YES_ERROR;
				GCC_WARN_UNDECLARED_SELECTOR = YES;
				GCC_WARN_UNINITIALIZED_AUTOS = YES_AGGRESSIVE;
				GCC_WARN_UNUSED_FUNCTION = YES;
				GCC_WARN_UNUSED_VARIABLE = YES;
				IPHONEOS_DEPLOYMENT_TARGET = 11.4;
				MTL_ENABLE_DEBUG_INFO = YES;
				ONLY_ACTIVE_ARCH = YES;
				SDKROOT = iphoneos;
				SWIFT_ACTIVE_COMPILATION_CONDITIONS = DEBUG;
				SWIFT_OPTIMIZATION_LEVEL = "-Onone";
			};
			name = Debug;
		};
		162DF56B2160BB0600E1C6BB /* Release */ = {
			isa = XCBuildConfiguration;
			buildSettings = {
				ALWAYS_SEARCH_USER_PATHS = NO;
				CLANG_ANALYZER_NONNULL = YES;
				CLANG_ANALYZER_NUMBER_OBJECT_CONVERSION = YES_AGGRESSIVE;
				CLANG_CXX_LANGUAGE_STANDARD = "gnu++14";
				CLANG_CXX_LIBRARY = "libc++";
				CLANG_ENABLE_MODULES = YES;
				CLANG_ENABLE_OBJC_ARC = YES;
				CLANG_ENABLE_OBJC_WEAK = YES;
				CLANG_WARN_BLOCK_CAPTURE_AUTORELEASING = YES;
				CLANG_WARN_BOOL_CONVERSION = YES;
				CLANG_WARN_COMMA = YES;
				CLANG_WARN_CONSTANT_CONVERSION = YES;
				CLANG_WARN_DEPRECATED_OBJC_IMPLEMENTATIONS = YES;
				CLANG_WARN_DIRECT_OBJC_ISA_USAGE = YES_ERROR;
				CLANG_WARN_DOCUMENTATION_COMMENTS = YES;
				CLANG_WARN_EMPTY_BODY = YES;
				CLANG_WARN_ENUM_CONVERSION = YES;
				CLANG_WARN_INFINITE_RECURSION = YES;
				CLANG_WARN_INT_CONVERSION = YES;
				CLANG_WARN_NON_LITERAL_NULL_CONVERSION = YES;
				CLANG_WARN_OBJC_IMPLICIT_RETAIN_SELF = YES;
				CLANG_WARN_OBJC_LITERAL_CONVERSION = YES;
				CLANG_WARN_OBJC_ROOT_CLASS = YES_ERROR;
				CLANG_WARN_RANGE_LOOP_ANALYSIS = YES;
				CLANG_WARN_STRICT_PROTOTYPES = YES;
				CLANG_WARN_SUSPICIOUS_MOVE = YES;
				CLANG_WARN_UNGUARDED_AVAILABILITY = YES_AGGRESSIVE;
				CLANG_WARN_UNREACHABLE_CODE = YES;
				CLANG_WARN__DUPLICATE_METHOD_MATCH = YES;
				CODE_SIGN_IDENTITY = "iPhone Developer";
				COPY_PHASE_STRIP = NO;
				DEBUG_INFORMATION_FORMAT = "dwarf-with-dsym";
				ENABLE_NS_ASSERTIONS = NO;
				ENABLE_STRICT_OBJC_MSGSEND = YES;
				GCC_C_LANGUAGE_STANDARD = gnu11;
				GCC_NO_COMMON_BLOCKS = YES;
				GCC_WARN_64_TO_32_BIT_CONVERSION = YES;
				GCC_WARN_ABOUT_RETURN_TYPE = YES_ERROR;
				GCC_WARN_UNDECLARED_SELECTOR = YES;
				GCC_WARN_UNINITIALIZED_AUTOS = YES_AGGRESSIVE;
				GCC_WARN_UNUSED_FUNCTION = YES;
				GCC_WARN_UNUSED_VARIABLE = YES;
				IPHONEOS_DEPLOYMENT_TARGET = 11.4;
				MTL_ENABLE_DEBUG_INFO = NO;
				SDKROOT = iphoneos;
				SWIFT_COMPILATION_MODE = wholemodule;
				SWIFT_OPTIMIZATION_LEVEL = "-O";
				VALIDATE_PRODUCT = YES;
			};
			name = Release;
		};
		162DF56D2160BB0600E1C6BB /* Debug */ = {
			isa = XCBuildConfiguration;
			baseConfigurationReference = 73426D891DA2C1A6AFA31B70 /* Pods-Tut_TagListView.debug.xcconfig */;
			buildSettings = {
				ASSETCATALOG_COMPILER_APPICON_NAME = AppIcon;
				CODE_SIGN_STYLE = Automatic;
				DEVELOPMENT_TEAM = XN294VVZ35;
				INFOPLIST_FILE = Tut_TagListView/Info.plist;
				LD_RUNPATH_SEARCH_PATHS = (
					"$(inherited)",
					"@executable_path/Frameworks",
				);
				PRODUCT_BUNDLE_IDENTIFIER = "com.erayalparslan.Tut-TagListView";
				PRODUCT_NAME = "$(TARGET_NAME)";
				SWIFT_VERSION = 4.0;
				TARGETED_DEVICE_FAMILY = "1,2";
			};
			name = Debug;
		};
		162DF56E2160BB0600E1C6BB /* Release */ = {
			isa = XCBuildConfiguration;
			baseConfigurationReference = FE59B9E9C37627E0DD289AFC /* Pods-Tut_TagListView.release.xcconfig */;
			buildSettings = {
				ASSETCATALOG_COMPILER_APPICON_NAME = AppIcon;
				CODE_SIGN_STYLE = Automatic;
				DEVELOPMENT_TEAM = XN294VVZ35;
				INFOPLIST_FILE = Tut_TagListView/Info.plist;
				LD_RUNPATH_SEARCH_PATHS = (
					"$(inherited)",
					"@executable_path/Frameworks",
				);
				PRODUCT_BUNDLE_IDENTIFIER = "com.erayalparslan.Tut-TagListView";
				PRODUCT_NAME = "$(TARGET_NAME)";
				SWIFT_VERSION = 4.0;
				TARGETED_DEVICE_FAMILY = "1,2";
			};
			name = Release;
		};
/* End XCBuildConfiguration section */

/* Begin XCConfigurationList section */
		162DF5522160BB0500E1C6BB /* Build configuration list for PBXProject "Tut_TagListView" */ = {
			isa = XCConfigurationList;
			buildConfigurations = (
				162DF56A2160BB0600E1C6BB /* Debug */,
				162DF56B2160BB0600E1C6BB /* Release */,
			);
			defaultConfigurationIsVisible = 0;
			defaultConfigurationName = Release;
		};
		162DF56C2160BB0600E1C6BB /* Build configuration list for PBXNativeTarget "Tut_TagListView" */ = {
			isa = XCConfigurationList;
			buildConfigurations = (
				162DF56D2160BB0600E1C6BB /* Debug */,
				162DF56E2160BB0600E1C6BB /* Release */,
			);
			defaultConfigurationIsVisible = 0;
			defaultConfigurationName = Release;
		};
/* End XCConfigurationList section */

/* Begin XCVersionGroup section */
		162DF5612160BB0500E1C6BB /* Tut_TagListView.xcdatamodeld */ = {
			isa = XCVersionGroup;
			children = (
				162DF5622160BB0500E1C6BB /* Tut_TagListView.xcdatamodel */,
			);
			currentVersion = 162DF5622160BB0500E1C6BB /* Tut_TagListView.xcdatamodel */;
			path = Tut_TagListView.xcdatamodeld;
			sourceTree = "<group>";
			versionGroupType = wrapper.xcdatamodel;
		};
/* End XCVersionGroup section */
	};
	rootObject = 162DF54F2160BB0500E1C6BB /* Project object */;
}
